
Microsoft Visual Studio Solution File, Format Version 12.00
# Visual Studio Version 17
VisualStudioVersion = 17.5.002.0
MinimumVisualStudioVersion = 10.0.40219.1
Project("{9A19103F-16F7-4668-BE54-9A1E7A4F7556}") = "NetScan", "NetScan.csproj", "{B4D021A2-4686-4007-A317-B7E3B548FE42}"
EndProject
Global
	GlobalSection(SolutionConfigurationPlatforms) = preSolution
		Debug|Any CPU = Debug|Any CPU
		Release|Any CPU = Release|Any CPU
	EndGlobalSection
	GlobalSection(ProjectConfigurationPlatforms) = postSolution
		{B4D021A2-4686-4007-A317-B7E3B548FE42}.Debug|Any CPU.ActiveCfg = Debug|Any CPU
		{B4D021A2-4686-4007-A317-B7E3B548FE42}.Debug|Any CPU.Build.0 = Debug|Any CPU
		{B4D021A2-4686-4007-A317-B7E3B548FE42}.Release|Any CPU.ActiveCfg = Release|Any CPU
		{B4D021A2-4686-4007-A317-B7E3B548FE42}.Release|Any CPU.Build.0 = Release|Any CPU
	EndGlobalSection
	GlobalSection(SolutionProperties) = preSolution
		HideSolutionNode = FALSE
	EndGlobalSection
	GlobalSection(ExtensibilityGlobals) = postSolution
		SolutionGuid = {2FD346C4-02BB-4509-9CFA-6BEAED459A2D}
	EndGlobalSection
EndGlobal
